
Microsoft Visual Studio Solution File, Format Version 12.00
# Visual Studio Version 17
VisualStudioVersion = 17.0.32428.209
MinimumVisualStudioVersion = 10.0.40219.1
Project("{9A19103F-16F7-4668-BE54-9A1E7A4F7556}") = "Cortside.MockServer", "Cortside.MockServer\Cortside.MockServer.csproj", "{34DB658B-2824-4B91-B2CD-730832740830}"
EndProject
Project("{9A19103F-16F7-4668-BE54-9A1E7A4F7556}") = "Cortside.MockServer.AccessControl", "Cortside.MockServer.AccessControl\Cortside.MockServer.AccessControl.csproj", "{39E44DD4-2F1F-4C1C-A760-DF9A359B3960}"
EndProject
Project("{9A19103F-16F7-4668-BE54-9A1E7A4F7556}") = "Cortside.MockServer.Tests", "Cortside.MockServer.Tests\Cortside.MockServer.Tests.csproj", "{B30EF837-137D-4EAB-BFC1-A5307F9FC437}"
EndProject
Project("{2150E333-8FDC-42A3-9474-1A3956D46DE8}") = "_Solution Items", "_Solution Items", "{791AB140-9666-4E95-B43A-12D562540659}"
	ProjectSection(SolutionItems) = preProject
		.editorconfig = .editorconfig
	EndProjectSection
EndProject
Global
	GlobalSection(SolutionConfigurationPlatforms) = preSolution
		Debug|Any CPU = Debug|Any CPU
		Release|Any CPU = Release|Any CPU
	EndGlobalSection
	GlobalSection(ProjectConfigurationPlatforms) = postSolution
		{34DB658B-2824-4B91-B2CD-730832740830}.Debug|Any CPU.ActiveCfg = Debug|Any CPU
		{34DB658B-2824-4B91-B2CD-730832740830}.Debug|Any CPU.Build.0 = Debug|Any CPU
		{34DB658B-2824-4B91-B2CD-730832740830}.Release|Any CPU.ActiveCfg = Release|Any CPU
		{34DB658B-2824-4B91-B2CD-730832740830}.Release|Any CPU.Build.0 = Release|Any CPU
		{39E44DD4-2F1F-4C1C-A760-DF9A359B3960}.Debug|Any CPU.ActiveCfg = Debug|Any CPU
		{39E44DD4-2F1F-4C1C-A760-DF9A359B3960}.Debug|Any CPU.Build.0 = Debug|Any CPU
		{39E44DD4-2F1F-4C1C-A760-DF9A359B3960}.Release|Any CPU.ActiveCfg = Release|Any CPU
		{39E44DD4-2F1F-4C1C-A760-DF9A359B3960}.Release|Any CPU.Build.0 = Release|Any CPU
		{B30EF837-137D-4EAB-BFC1-A5307F9FC437}.Debug|Any CPU.ActiveCfg = Debug|Any CPU
		{B30EF837-137D-4EAB-BFC1-A5307F9FC437}.Debug|Any CPU.Build.0 = Debug|Any CPU
		{B30EF837-137D-4EAB-BFC1-A5307F9FC437}.Release|Any CPU.ActiveCfg = Release|Any CPU
		{B30EF837-137D-4EAB-BFC1-A5307F9FC437}.Release|Any CPU.Build.0 = Release|Any CPU
	EndGlobalSection
	GlobalSection(SolutionProperties) = preSolution
		HideSolutionNode = FALSE
	EndGlobalSection
	GlobalSection(ExtensibilityGlobals) = postSolution
		SolutionGuid = {AAEC058E-6BE4-4103-AD1A-536B635E987E}
	EndGlobalSection
EndGlobal
